
Microsoft Visual Studio Solution File, Format Version 12.00
# Visual Studio Version 16
VisualStudioVersion = 16.0.31515.178
MinimumVisualStudioVersion = 10.0.40219.1
Project("{FAE04EC0-301F-11D3-BF4B-00C04F79EFBC}") = "EntyFramework", "EntyFramework\EntyFramework.csproj", "{703B9E08-628F-4AF6-81E6-F8F26B544CBE}"
EndProject
Global
	GlobalSection(SolutionConfigurationPlatforms) = preSolution
		Debug|Any CPU = Debug|Any CPU
		Release|Any CPU = Release|Any CPU
	EndGlobalSection
	GlobalSection(ProjectConfigurationPlatforms) = postSolution
		{703B9E08-628F-4AF6-81E6-F8F26B544CBE}.Debug|Any CPU.ActiveCfg = Debug|Any CPU
		{703B9E08-628F-4AF6-81E6-F8F26B544CBE}.Debug|Any CPU.Build.0 = Debug|Any CPU
		{703B9E08-628F-4AF6-81E6-F8F26B544CBE}.Release|Any CPU.ActiveCfg = Release|Any CPU
		{703B9E08-628F-4AF6-81E6-F8F26B544CBE}.Release|Any CPU.Build.0 = Release|Any CPU
	EndGlobalSection
	GlobalSection(SolutionProperties) = preSolution
		HideSolutionNode = FALSE
	EndGlobalSection
	GlobalSection(ExtensibilityGlobals) = postSolution
		SolutionGuid = {8821718D-1E8B-4936-9037-9205D56561A6}
	EndGlobalSection
EndGlobal
